
Microsoft Visual Studio Solution File, Format Version 12.00
# Visual Studio Version 17
VisualStudioVersion = 17.0.31912.275
MinimumVisualStudioVersion = 10.0.40219.1
Project("{FAE04EC0-301F-11D3-BF4B-00C04F79EFBC}") = "EasyPark.Api", "EasyPark.Api.csproj", "{31D9C2F3-AC8E-403B-BE29-123456789ABC}"
EndProject
Project("{2150E333-8FDC-42A3-9474-1A3956D46DE8}") = "tests", "tests", "{0AB3BF05-4346-4AA6-1389-037BE0695223}"
EndProject
Project("{FAE04EC0-301F-11D3-BF4B-00C04F79EFBC}") = "EasyPark.UnitTests", "tests\EasyPark.UnitTests\EasyPark.UnitTests.csproj", "{223AE247-9DE5-4A0C-9E7C-33ED8F5F5CDA}"
EndProject
Project("{FAE04EC0-301F-11D3-BF4B-00C04F79EFBC}") = "EasyPark.IntegrationTests", "tests\EasyPark.IntegrationTests\EasyPark.IntegrationTests.csproj", "{2CD00198-8515-466D-AB88-83F2B2285F2B}"
EndProject
Project("{FAE04EC0-301F-11D3-BF4B-00C04F79EFBC}") = "EasyPark.Domain", "EasyPark.Domain\EasyPark.Domain.csproj", "{5380EE74-7651-4D54-8B19-81922CF8FB65}"
EndProject
Project("{FAE04EC0-301F-11D3-BF4B-00C04F79EFBC}") = "EasyPark.Application", "EasyPark.Application\EasyPark.Application.csproj", "{6875812B-5B33-4D1B-90B2-50D511E998DC}"
EndProject
Project("{FAE04EC0-301F-11D3-BF4B-00C04F79EFBC}") = "EasyPark.Infrastructure", "EasyPark.Infrastructure\EasyPark.Infrastructure.csproj", "{15970A53-CE96-4BEE-8767-2FCDFB160574}"
EndProject
Global
	GlobalSection(SolutionConfigurationPlatforms) = preSolution
		Debug|Any CPU = Debug|Any CPU
		Debug|x64 = Debug|x64
		Debug|x86 = Debug|x86
		Release|Any CPU = Release|Any CPU
		Release|x64 = Release|x64
		Release|x86 = Release|x86
	EndGlobalSection
	GlobalSection(ProjectConfigurationPlatforms) = postSolution
		{31D9C2F3-AC8E-403B-BE29-123456789ABC}.Debug|Any CPU.ActiveCfg = Debug|Any CPU
		{31D9C2F3-AC8E-403B-BE29-123456789ABC}.Debug|Any CPU.Build.0 = Debug|Any CPU
		{31D9C2F3-AC8E-403B-BE29-123456789ABC}.Debug|x64.ActiveCfg = Debug|Any CPU
		{31D9C2F3-AC8E-403B-BE29-123456789ABC}.Debug|x64.Build.0 = Debug|Any CPU
		{31D9C2F3-AC8E-403B-BE29-123456789ABC}.Debug|x86.ActiveCfg = Debug|Any CPU
		{31D9C2F3-AC8E-403B-BE29-123456789ABC}.Debug|x86.Build.0 = Debug|Any CPU
		{31D9C2F3-AC8E-403B-BE29-123456789ABC}.Release|Any CPU.ActiveCfg = Release|Any CPU
		{31D9C2F3-AC8E-403B-BE29-123456789ABC}.Release|Any CPU.Build.0 = Release|Any CPU
		{31D9C2F3-AC8E-403B-BE29-123456789ABC}.Release|x64.ActiveCfg = Release|Any CPU
		{31D9C2F3-AC8E-403B-BE29-123456789ABC}.Release|x64.Build.0 = Release|Any CPU
		{31D9C2F3-AC8E-403B-BE29-123456789ABC}.Release|x86.ActiveCfg = Release|Any CPU
		{31D9C2F3-AC8E-403B-BE29-123456789ABC}.Release|x86.Build.0 = Release|Any CPU
		{223AE247-9DE5-4A0C-9E7C-33ED8F5F5CDA}.Debug|Any CPU.ActiveCfg = Debug|Any CPU
		{223AE247-9DE5-4A0C-9E7C-33ED8F5F5CDA}.Debug|Any CPU.Build.0 = Debug|Any CPU
		{223AE247-9DE5-4A0C-9E7C-33ED8F5F5CDA}.Debug|x64.ActiveCfg = Debug|Any CPU
		{223AE247-9DE5-4A0C-9E7C-33ED8F5F5CDA}.Debug|x64.Build.0 = Debug|Any CPU
		{223AE247-9DE5-4A0C-9E7C-33ED8F5F5CDA}.Debug|x86.ActiveCfg = Debug|Any CPU
		{223AE247-9DE5-4A0C-9E7C-33ED8F5F5CDA}.Debug|x86.Build.0 = Debug|Any CPU
		{223AE247-9DE5-4A0C-9E7C-33ED8F5F5CDA}.Release|Any CPU.ActiveCfg = Release|Any CPU
		{223AE247-9DE5-4A0C-9E7C-33ED8F5F5CDA}.Release|Any CPU.Build.0 = Release|Any CPU
		{223AE247-9DE5-4A0C-9E7C-33ED8F5F5CDA}.Release|x64.ActiveCfg = Release|Any CPU
		{223AE247-9DE5-4A0C-9E7C-33ED8F5F5CDA}.Release|x64.Build.0 = Release|Any CPU
		{223AE247-9DE5-4A0C-9E7C-33ED8F5F5CDA}.Release|x86.ActiveCfg = Release|Any CPU
		{223AE247-9DE5-4A0C-9E7C-33ED8F5F5CDA}.Release|x86.Build.0 = Release|Any CPU
		{2CD00198-8515-466D-AB88-83F2B2285F2B}.Debug|Any CPU.ActiveCfg = Debug|Any CPU
		{2CD00198-8515-466D-AB88-83F2B2285F2B}.Debug|Any CPU.Build.0 = Debug|Any CPU
		{2CD00198-8515-466D-AB88-83F2B2285F2B}.Debug|x64.ActiveCfg = Debug|Any CPU
		{2CD00198-8515-466D-AB88-83F2B2285F2B}.Debug|x64.Build.0 = Debug|Any CPU
		{2CD00198-8515-466D-AB88-83F2B2285F2B}.Debug|x86.ActiveCfg = Debug|Any CPU
		{2CD00198-8515-466D-AB88-83F2B2285F2B}.Debug|x86.Build.0 = Debug|Any CPU
		{2CD00198-8515-466D-AB88-83F2B2285F2B}.Release|Any CPU.ActiveCfg = Release|Any CPU
		{2CD00198-8515-466D-AB88-83F2B2285F2B}.Release|Any CPU.Build.0 = Release|Any CPU
		{2CD00198-8515-466D-AB88-83F2B2285F2B}.Release|x64.ActiveCfg = Release|Any CPU
		{2CD00198-8515-466D-AB88-83F2B2285F2B}.Release|x64.Build.0 = Release|Any CPU
		{2CD00198-8515-466D-AB88-83F2B2285F2B}.Release|x86.ActiveCfg = Release|Any CPU
		{2CD00198-8515-466D-AB88-83F2B2285F2B}.Release|x86.Build.0 = Release|Any CPU
		{5380EE74-7651-4D54-8B19-81922CF8FB65}.Debug|Any CPU.ActiveCfg = Debug|Any CPU
		{5380EE74-7651-4D54-8B19-81922CF8FB65}.Debug|Any CPU.Build.0 = Debug|Any CPU
		{5380EE74-7651-4D54-8B19-81922CF8FB65}.Debug|x64.ActiveCfg = Debug|Any CPU
		{5380EE74-7651-4D54-8B19-81922CF8FB65}.Debug|x64.Build.0 = Debug|Any CPU
		{5380EE74-7651-4D54-8B19-81922CF8FB65}.Debug|x86.ActiveCfg = Debug|Any CPU
		{5380EE74-7651-4D54-8B19-81922CF8FB65}.Debug|x86.Build.0 = Debug|Any CPU
		{5380EE74-7651-4D54-8B19-81922CF8FB65}.Release|Any CPU.ActiveCfg = Release|Any CPU
		{5380EE74-7651-4D54-8B19-81922CF8FB65}.Release|Any CPU.Build.0 = Release|Any CPU
		{5380EE74-7651-4D54-8B19-81922CF8FB65}.Release|x64.ActiveCfg = Release|Any CPU
		{5380EE74-7651-4D54-8B19-81922CF8FB65}.Release|x64.Build.0 = Release|Any CPU
		{5380EE74-7651-4D54-8B19-81922CF8FB65}.Release|x86.ActiveCfg = Release|Any CPU
		{5380EE74-7651-4D54-8B19-81922CF8FB65}.Release|x86.Build.0 = Release|Any CPU
		{6875812B-5B33-4D1B-90B2-50D511E998DC}.Debug|Any CPU.ActiveCfg = Debug|Any CPU
		{6875812B-5B33-4D1B-90B2-50D511E998DC}.Debug|Any CPU.Build.0 = Debug|Any CPU
		{6875812B-5B33-4D1B-90B2-50D511E998DC}.Debug|x64.ActiveCfg = Debug|Any CPU
		{6875812B-5B33-4D1B-90B2-50D511E998DC}.Debug|x64.Build.0 = Debug|Any CPU
		{6875812B-5B33-4D1B-90B2-50D511E998DC}.Debug|x86.ActiveCfg = Debug|Any CPU
		{6875812B-5B33-4D1B-90B2-50D511E998DC}.Debug|x86.Build.0 = Debug|Any CPU
		{6875812B-5B33-4D1B-90B2-50D511E998DC}.Release|Any CPU.ActiveCfg = Release|Any CPU
		{6875812B-5B33-4D1B-90B2-50D511E998DC}.Release|Any CPU.Build.0 = Release|Any CPU
		{6875812B-5B33-4D1B-90B2-50D511E998DC}.Release|x64.ActiveCfg = Release|Any CPU
		{6875812B-5B33-4D1B-90B2-50D511E998DC}.Release|x64.Build.0 = Release|Any CPU
		{6875812B-5B33-4D1B-90B2-50D511E998DC}.Release|x86.ActiveCfg = Release|Any CPU
		{6875812B-5B33-4D1B-90B2-50D511E998DC}.Release|x86.Build.0 = Release|Any CPU
		{15970A53-CE96-4BEE-8767-2FCDFB160574}.Debug|Any CPU.ActiveCfg = Debug|Any CPU
		{15970A53-CE96-4BEE-8767-2FCDFB160574}.Debug|Any CPU.Build.0 = Debug|Any CPU
		{15970A53-CE96-4BEE-8767-2FCDFB160574}.Debug|x64.ActiveCfg = Debug|Any CPU
		{15970A53-CE96-4BEE-8767-2FCDFB160574}.Debug|x64.Build.0 = Debug|Any CPU
		{15970A53-CE96-4BEE-8767-2FCDFB160574}.Debug|x86.ActiveCfg = Debug|Any CPU
		{15970A53-CE96-4BEE-8767-2FCDFB160574}.Debug|x86.Build.0 = Debug|Any CPU
		{15970A53-CE96-4BEE-8767-2FCDFB160574}.Release|Any CPU.ActiveCfg = Release|Any CPU
		{15970A53-CE96-4BEE-8767-2FCDFB160574}.Release|Any CPU.Build.0 = Release|Any CPU
		{15970A53-CE96-4BEE-8767-2FCDFB160574}.Release|x64.ActiveCfg = Release|Any CPU
		{15970A53-CE96-4BEE-8767-2FCDFB160574}.Release|x64.Build.0 = Release|Any CPU
		{15970A53-CE96-4BEE-8767-2FCDFB160574}.Release|x86.ActiveCfg = Release|Any CPU
		{15970A53-CE96-4BEE-8767-2FCDFB160574}.Release|x86.Build.0 = Release|Any CPU
	EndGlobalSection
	GlobalSection(SolutionProperties) = preSolution
		HideSolutionNode = FALSE
	EndGlobalSection
	GlobalSection(NestedProjects) = preSolution
		{223AE247-9DE5-4A0C-9E7C-33ED8F5F5CDA} = {0AB3BF05-4346-4AA6-1389-037BE0695223}
		{2CD00198-8515-466D-AB88-83F2B2285F2B} = {0AB3BF05-4346-4AA6-1389-037BE0695223}
	EndGlobalSection
	GlobalSection(ExtensibilityGlobals) = postSolution
		SolutionGuid = {A59A465E-1CD9-43D9-B4C5-7303E131FAE1}
	EndGlobalSection
EndGlobal
